// !$*UTF8*$!
{
	archiveVersion = 1;
	classes = {
	};
	objectVersion = 46;
	objects = {

/* Begin PBXBuildFile section */
		A52CA6E91FF4F7BA00894621 /* SecondPage.swift in Sources */ = {isa = PBXBuildFile; fileRef = A52CA6E81FF4F7BA00894621 /* SecondPage.swift */; };
		A52CA6EB1FF4F81400894621 /* thirdPage.swift in Sources */ = {isa = PBXBuildFile; fileRef = A52CA6EA1FF4F81400894621 /* thirdPage.swift */; };
		A599FF9D1FF8F7750029530E /* SixPage.swift in Sources */ = {isa = PBXBuildFile; fileRef = A599FF9C1FF8F7750029530E /* SixPage.swift */; };
		A5BCA2191FF2080D002ADCA2 /* AppDelegate.swift in Sources */ = {isa = PBXBuildFile; fileRef = A5BCA2181FF2080D002ADCA2 /* AppDelegate.swift */; };
		A5BCA21B1FF2080D002ADCA2 /* ViewController.swift in Sources */ = {isa = PBXBuildFile; fileRef = A5BCA21A1FF2080D002ADCA2 /* ViewController.swift */; };
		A5BCA21E1FF2080D002ADCA2 /* Main.storyboard in Resources */ = {isa = PBXBuildFile; fileRef = A5BCA21C1FF2080D002ADCA2 /* Main.storyboard */; };
		A5BCA2201FF2080D002ADCA2 /* Assets.xcassets in Resources */ = {isa = PBXBuildFile; fileRef = A5BCA21F1FF2080D002ADCA2 /* Assets.xcassets */; };
		A5BCA2231FF2080D002ADCA2 /* LaunchScreen.storyboard in Resources */ = {isa = PBXBuildFile; fileRef = A5BCA2211FF2080D002ADCA2 /* LaunchScreen.storyboard */; };
		A5BCA22B1FF21227002ADCA2 /* LoginTextField.swift in Sources */ = {isa = PBXBuildFile; fileRef = A5BCA22A1FF21227002ADCA2 /* LoginTextField.swift */; };
/* End PBXBuildFile section */

/* Begin PBXFileReference section */
		A52CA6E81FF4F7BA00894621 /* SecondPage.swift */ = {isa = PBXFileReference; fileEncoding = 4; lastKnownFileType = sourcecode.swift; path = SecondPage.swift; sourceTree = "<group>"; };
		A52CA6EA1FF4F81400894621 /* thirdPage.swift */ = {isa = PBXFileReference; fileEncoding = 4; lastKnownFileType = sourcecode.swift; path = thirdPage.swift; sourceTree = "<group>"; };
		A599FF9C1FF8F7750029530E /* SixPage.swift */ = {isa = PBXFileReference; fileEncoding = 4; lastKnownFileType = sourcecode.swift; path = SixPage.swift; sourceTree = "<group>"; };
		A5BCA2151FF2080D002ADCA2 /* PracticeLoginForm.app */ = {isa = PBXFileReference; explicitFileType = wrapper.application; includeInIndex = 0; path = PracticeLoginForm.app; sourceTree = BUILT_PRODUCTS_DIR; };
		A5BCA2181FF2080D002ADCA2 /* AppDelegate.swift */ = {isa = PBXFileReference; lastKnownFileType = sourcecode.swift; path = AppDelegate.swift; sourceTree = "<group>"; };
		A5BCA21A1FF2080D002ADCA2 /* ViewController.swift */ = {isa = PBXFileReference; lastKnownFileType = sourcecode.swift; path = ViewController.swift; sourceTree = "<group>"; };
		A5BCA21D1FF2080D002ADCA2 /* Base */ = {isa = PBXFileReference; lastKnownFileType = file.storyboard; name = Base; path = Base.lproj/Main.storyboard; sourceTree = "<group>"; };
		A5BCA21F1FF2080D002ADCA2 /* Assets.xcassets */ = {isa = PBXFileReference; lastKnownFileType = folder.assetcatalog; path = Assets.xcassets; sourceTree = "<group>"; };
		A5BCA2221FF2080D002ADCA2 /* Base */ = {isa = PBXFileReference; lastKnownFileType = file.storyboard; name = Base; path = Base.lproj/LaunchScreen.storyboard; sourceTree = "<group>"; };
		A5BCA2241FF2080D002ADCA2 /* Info.plist */ = {isa = PBXFileReference; lastKnownFileType = text.plist.xml; path = Info.plist; sourceTree = "<group>"; };
		A5BCA22A1FF21227002ADCA2 /* LoginTextField.swift */ = {isa = PBXFileReference; fileEncoding = 4; lastKnownFileType = sourcecode.swift; path = LoginTextField.swift; sourceTree = "<group>"; };
/* End PBXFileReference section */

/* Begin PBXFrameworksBuildPhase section */
		A5BCA2121FF2080D002ADCA2 /* Frameworks */ = {
			isa = PBXFrameworksBuildPhase;
			buildActionMask = 2147483647;
			files = (
			);
			runOnlyForDeploymentPostprocessing = 0;
		};
/* End PBXFrameworksBuildPhase section */

/* Begin PBXGroup section */
		A5BCA20C1FF2080D002ADCA2 = {
			isa = PBXGroup;
			children = (
				A5BCA2171FF2080D002ADCA2 /* PracticeLoginForm */,
				A5BCA2161FF2080D002ADCA2 /* Products */,
			);
			sourceTree = "<group>";
		};
		A5BCA2161FF2080D002ADCA2 /* Products */ = {
			isa = PBXGroup;
			children = (
				A5BCA2151FF2080D002ADCA2 /* PracticeLoginForm.app */,
			);
			name = Products;
			sourceTree = "<group>";
		};
		A5BCA2171FF2080D002ADCA2 /* PracticeLoginForm */ = {
			isa = PBXGroup;
			children = (
				A5BCA2181FF2080D002ADCA2 /* AppDelegate.swift */,
				A5BCA21A1FF2080D002ADCA2 /* ViewController.swift */,
				A5BCA22A1FF21227002ADCA2 /* LoginTextField.swift */,
				A5BCA21C1FF2080D002ADCA2 /* Main.storyboard */,
				A5BCA21F1FF2080D002ADCA2 /* Assets.xcassets */,
				A5BCA2211FF2080D002ADCA2 /* LaunchScreen.storyboard */,
				A5BCA2241FF2080D002ADCA2 /* Info.plist */,
				A52CA6E81FF4F7BA00894621 /* SecondPage.swift */,
				A52CA6EA1FF4F81400894621 /* thirdPage.swift */,
				A599FF9C1FF8F7750029530E /* SixPage.swift */,
			);
			path = PracticeLoginForm;
			sourceTree = "<group>";
		};
/* End PBXGroup section */

/* Begin PBXNativeTarget section */
		A5BCA2141FF2080D002ADCA2 /* PracticeLoginForm */ = {
			isa = PBXNativeTarget;
			buildConfigurationList = A5BCA2271FF2080D002ADCA2 /* Build configuration list for PBXNativeTarget "PracticeLoginForm" */;
			buildPhases = (
				A5BCA2111FF2080D002ADCA2 /* Sources */,
				A5BCA2121FF2080D002ADCA2 /* Frameworks */,
				A5BCA2131FF2080D002ADCA2 /* Resources */,
			);
			buildRules = (
			);
			dependencies = (
			);
			name = PracticeLoginForm;
			productName = PracticeLoginForm;
			productReference = A5BCA2151FF2080D002ADCA2 /* PracticeLoginForm.app */;
			productType = "com.apple.product-type.application";
		};
/* End PBXNativeTarget section */

/* Begin PBXProject section */
		A5BCA20D1FF2080D002ADCA2 /* Project object */ = {
			isa = PBXProject;
			attributes = {
				LastSwiftUpdateCheck = 0800;
				LastUpgradeCheck = 0800;
				ORGANIZATIONNAME = "Slash Global";
				TargetAttributes = {
					A5BCA2141FF2080D002ADCA2 = {
						CreatedOnToolsVersion = 8.0;
						DevelopmentTeam = 8GWSL85966;
						ProvisioningStyle = Automatic;
					};
				};
			};
			buildConfigurationList = A5BCA2101FF2080D002ADCA2 /* Build configuration list for PBXProject "PracticeLoginForm" */;
			compatibilityVersion = "Xcode 3.2";
			developmentRegion = English;
			hasScannedForEncodings = 0;
			knownRegions = (
				en,
				Base,
			);
			mainGroup = A5BCA20C1FF2080D002ADCA2;
			productRefGroup = A5BCA2161FF2080D002ADCA2 /* Products */;
			projectDirPath = "";
			projectRoot = "";
			targets = (
				A5BCA2141FF2080D002ADCA2 /* PracticeLoginForm */,
			);
		};
/* End PBXProject section */

/* Begin PBXResourcesBuildPhase section */
		A5BCA2131FF2080D002ADCA2 /* Resources */ = {
			isa = PBXResourcesBuildPhase;
			buildActionMask = 2147483647;
			files = (
				A5BCA2231FF2080D002ADCA2 /* LaunchScreen.storyboard in Resources */,
				A5BCA2201FF2080D002ADCA2 /* Assets.xcassets in Resources */,
				A5BCA21E1FF2080D002ADCA2 /* Main.storyboard in Resources */,
			);
			runOnlyForDeploymentPostprocessing = 0;
		};
/* End PBXResourcesBuildPhase section */

/* Begin PBXSourcesBuildPhase section */
		A5BCA2111FF2080D002ADCA2 /* Sources */ = {
			isa = PBXSourcesBuildPhase;
			buildActionMask = 2147483647;
			files = (
				A52CA6EB1FF4F81400894621 /* thirdPage.swift in Sources */,
				A52CA6E91FF4F7BA00894621 /* SecondPage.swift in Sources */,
				A5BCA22B1FF21227002ADCA2 /* LoginTextField.swift in Sources */,
				A599FF9D1FF8F7750029530E /* SixPage.swift in Sources */,
				A5BCA21B1FF2080D002ADCA2 /* ViewController.swift in Sources */,
				A5BCA2191FF2080D002ADCA2 /* AppDelegate.swift in Sources */,
			);
			runOnlyForDeploymentPostprocessing = 0;
		};
/* End PBXSourcesBuildPhase section */

/* Begin PBXVariantGroup section */
		A5BCA21C1FF2080D002ADCA2 /* Main.storyboard */ = {
			isa = PBXVariantGroup;
			children = (
				A5BCA21D1FF2080D002ADCA2 /* Base */,
			);
			name = Main.storyboard;
			sourceTree = "<group>";
		};
		A5BCA2211FF2080D002ADCA2 /* LaunchScreen.storyboard */ = {
			isa = PBXVariantGroup;
			children = (
				A5BCA2221FF2080D002ADCA2 /* Base */,
			);
			name = LaunchScreen.storyboard;
			sourceTree = "<group>";
		};
/* End PBXVariantGroup section */

/* Begin XCBuildConfiguration section */
		A5BCA2251FF2080D002ADCA2 /* Debug */ = {
			isa = XCBuildConfiguration;
			buildSettings = {
				ALWAYS_SEARCH_USER_PATHS = NO;
				CLANG_ANALYZER_NONNULL = YES;
				CLANG_CXX_LANGUAGE_STANDARD = "gnu++0x";
				CLANG_CXX_LIBRARY = "libc++";
				CLANG_ENABLE_MODULES = YES;
				CLANG_ENABLE_OBJC_ARC = YES;
				CLANG_WARN_BOOL_CONVERSION = YES;
				CLANG_WARN_CONSTANT_CONVERSION = YES;
				CLANG_WARN_DIRECT_OBJC_ISA_USAGE = YES_ERROR;
				CLANG_WARN_DOCUMENTATION_COMMENTS = YES;
				CLANG_WARN_EMPTY_BODY = YES;
				CLANG_WARN_ENUM_CONVERSION = YES;
				CLANG_WARN_INFINITE_RECURSION = YES;
				CLANG_WARN_INT_CONVERSION = YES;
				CLANG_WARN_OBJC_ROOT_CLASS = YES_ERROR;
				CLANG_WARN_SUSPICIOUS_MOVES = YES;
				CLANG_WARN_UNREACHABLE_CODE = YES;
				CLANG_WARN__DUPLICATE_METHOD_MATCH = YES;
				"CODE_SIGN_IDENTITY[sdk=iphoneos*]" = "iPhone Developer";
				COPY_PHASE_STRIP = NO;
				DEBUG_INFORMATION_FORMAT = dwarf;
				ENABLE_STRICT_OBJC_MSGSEND = YES;
				ENABLE_TESTABILITY = YES;
				GCC_C_LANGUAGE_STANDARD = gnu99;
				GCC_DYNAMIC_NO_PIC = NO;
				GCC_NO_COMMON_BLOCKS = YES;
				GCC_OPTIMIZATION_LEVEL = 0;
				GCC_PREPROCESSOR_DEFINITIONS = (
					"DEBUG=1",
					"$(inherited)",
				);
				GCC_WARN_64_TO_32_BIT_CONVERSION = YES;
				GCC_WARN_ABOUT_RETURN_TYPE = YES_ERROR;
				GCC_WARN_UNDECLARED_SELECTOR = YES;
				GCC_WARN_UNINITIALIZED_AUTOS = YES_AGGRESSIVE;
				GCC_WARN_UNUSED_FUNCTION = YES;
				GCC_WARN_UNUSED_VARIABLE = YES;
				IPHONEOS_DEPLOYMENT_TARGET = 10.0;
				MTL_ENABLE_DEBUG_INFO = YES;
				ONLY_ACTIVE_ARCH = YES;
				SDKROOT = iphoneos;
				SWIFT_ACTIVE_COMPILATION_CONDITIONS = DEBUG;
				SWIFT_OPTIMIZATION_LEVEL = "-Onone";
			};
			name = Debug;
		};
		A5BCA2261FF2080D002ADCA2 /* Release */ = {
			isa = XCBuildConfiguration;
			buildSettings = {
				ALWAYS_SEARCH_USER_PATHS = NO;
				CLANG_ANALYZER_NONNULL = YES;
				CLANG_CXX_LANGUAGE_STANDARD = "gnu++0x";
				CLANG_CXX_LIBRARY = "libc++";
				CLANG_ENABLE_MODULES = YES;
				CLANG_ENABLE_OBJC_ARC = YES;
				CLANG_WARN_BOOL_CONVERSION = YES;
				CLANG_WARN_CONSTANT_CONVERSION = YES;
				CLANG_WARN_DIRECT_OBJC_ISA_USAGE = YES_ERROR;
				CLANG_WARN_DOCUMENTATION_COMMENTS = YES;
				CLANG_WARN_EMPTY_BODY = YES;
				CLANG_WARN_ENUM_CONVERSION = YES;
				CLANG_WARN_INFINITE_RECURSION = YES;
				CLANG_WARN_INT_CONVERSION = YES;
				CLANG_WARN_OBJC_ROOT_CLASS = YES_ERROR;
				CLANG_WARN_SUSPICIOUS_MOVES = YES;
				CLANG_WARN_UNREACHABLE_CODE = YES;
				CLANG_WARN__DUPLICATE_METHOD_MATCH = YES;
				"CODE_SIGN_IDENTITY[sdk=iphoneos*]" = "iPhone Developer";
				COPY_PHASE_STRIP = NO;
				DEBUG_INFORMATION_FORMAT = "dwarf-with-dsym";
				ENABLE_NS_ASSERTIONS = NO;
				ENABLE_STRICT_OBJC_MSGSEND = YES;
				GCC_C_LANGUAGE_STANDARD = gnu99;
				GCC_NO_COMMON_BLOCKS = YES;
				GCC_WARN_64_TO_32_BIT_CONVERSION = YES;
				GCC_WARN_ABOUT_RETURN_TYPE = YES_ERROR;
				GCC_WARN_UNDECLARED_SELECTOR = YES;
				GCC_WARN_UNINITIALIZED_AUTOS = YES_AGGRESSIVE;
				GCC_WARN_UNUSED_FUNCTION = YES;
				GCC_WARN_UNUSED_VARIABLE = YES;
				IPHONEOS_DEPLOYMENT_TARGET = 10.0;
				MTL_ENABLE_DEBUG_INFO = NO;
				SDKROOT = iphoneos;
				SWIFT_OPTIMIZATION_LEVEL = "-Owholemodule";
				VALIDATE_PRODUCT = YES;
			};
			name = Release;
		};
		A5BCA2281FF2080D002ADCA2 /* Debug */ = {
			isa = XCBuildConfiguration;
			buildSettings = {
				ASSETCATALOG_COMPILER_APPICON_NAME = AppIcon;
				DEVELOPMENT_TEAM = 8GWSL85966;
				INFOPLIST_FILE = PracticeLoginForm/Info.plist;
				LD_RUNPATH_SEARCH_PATHS = "$(inherited) @executable_path/Frameworks";
				PRODUCT_BUNDLE_IDENTIFIER = com.HigherVisibility.PracticeLoginForm;
				PRODUCT_NAME = "$(TARGET_NAME)";
				SWIFT_VERSION = 3.0;
			};
			name = Debug;
		};
		A5BCA2291FF2080D002ADCA2 /* Release */ = {
			isa = XCBuildConfiguration;
			buildSettings = {
				ASSETCATALOG_COMPILER_APPICON_NAME = AppIcon;
				DEVELOPMENT_TEAM = 8GWSL85966;
				INFOPLIST_FILE = PracticeLoginForm/Info.plist;
				LD_RUNPATH_SEARCH_PATHS = "$(inherited) @executable_path/Frameworks";
				PRODUCT_BUNDLE_IDENTIFIER = com.HigherVisibility.PracticeLoginForm;
				PRODUCT_NAME = "$(TARGET_NAME)";
				SWIFT_VERSION = 3.0;
			};
			name = Release;
		};
/* End XCBuildConfiguration section */

/* Begin XCConfigurationList section */
		A5BCA2101FF2080D002ADCA2 /* Build configuration list for PBXProject "PracticeLoginForm" */ = {
			isa = XCConfigurationList;
			buildConfigurations = (
				A5BCA2251FF2080D002ADCA2 /* Debug */,
				A5BCA2261FF2080D002ADCA2 /* Release */,
			);
			defaultConfigurationIsVisible = 0;
			defaultConfigurationName = Release;
		};
		A5BCA2271FF2080D002ADCA2 /* Build configuration list for PBXNativeTarget "PracticeLoginForm" */ = {
			isa = XCConfigurationList;
			buildConfigurations = (
				A5BCA2281FF2080D002ADCA2 /* Debug */,
				A5BCA2291FF2080D002ADCA2 /* Release */,
			);
			defaultConfigurationIsVisible = 0;
			defaultConfigurationName = Release;
		};
/* End XCConfigurationList section */
	};
	rootObject = A5BCA20D1FF2080D002ADCA2 /* Project object */;
}
